{
  "name": "@zenifra/cli",
  "version": "0.1.0",
  "lockfileVersion": 3,
  "requires": true,
  "packages": {
    "": {
      "name": "@zenifra/cli",
      "version": "0.1.0",
      "license": "MIT",
      "bin": {
        "zenifra": "bin/zenifra.mjs"
      },
      "engines": {
        "node": ">=18"
      }
    }
  }
}
